
Microsoft Visual Studio Solution File, Format Version 12.00
# Visual Studio Version 17
VisualStudioVersion = 17.5.33424.131
MinimumVisualStudioVersion = 10.0.40219.1
Project("{FAE04EC0-301F-11D3-BF4B-00C04F79EFBC}") = "MyTestAPI", "MyTestAPI\MyTestAPI.csproj", "{EFCF73CC-01F3-4AFC-ADA5-A5C460F7F44B}"
EndProject
Global
	GlobalSection(SolutionConfigurationPlatforms) = preSolution
		Debug|Any CPU = Debug|Any CPU
		Release|Any CPU = Release|Any CPU
	EndGlobalSection
	GlobalSection(ProjectConfigurationPlatforms) = postSolution
		{EFCF73CC-01F3-4AFC-ADA5-A5C460F7F44B}.Debug|Any CPU.ActiveCfg = Debug|Any CPU
		{EFCF73CC-01F3-4AFC-ADA5-A5C460F7F44B}.Debug|Any CPU.Build.0 = Debug|Any CPU
		{EFCF73CC-01F3-4AFC-ADA5-A5C460F7F44B}.Release|Any CPU.ActiveCfg = Release|Any CPU
		{EFCF73CC-01F3-4AFC-ADA5-A5C460F7F44B}.Release|Any CPU.Build.0 = Release|Any CPU
	EndGlobalSection
	GlobalSection(SolutionProperties) = preSolution
		HideSolutionNode = FALSE
	EndGlobalSection
	GlobalSection(ExtensibilityGlobals) = postSolution
		SolutionGuid = {9FD5387E-076A-4837-8842-87F1AB142CB5}
	EndGlobalSection
EndGlobal
