
Microsoft Visual Studio Solution File, Format Version 12.00
# Visual Studio Version 17
VisualStudioVersion = 17.5.33414.496
MinimumVisualStudioVersion = 10.0.40219.1
Project("{FAE04EC0-301F-11D3-BF4B-00C04F79EFBC}") = "MyTestAPI", "MyTestAPI\MyTestAPI.csproj", "{209DC40F-A359-4C9A-B4DB-407D99F9F104}"
EndProject
Global
	GlobalSection(SolutionConfigurationPlatforms) = preSolution
		Debug|Any CPU = Debug|Any CPU
		Release|Any CPU = Release|Any CPU
	EndGlobalSection
	GlobalSection(ProjectConfigurationPlatforms) = postSolution
		{209DC40F-A359-4C9A-B4DB-407D99F9F104}.Debug|Any CPU.ActiveCfg = Debug|Any CPU
		{209DC40F-A359-4C9A-B4DB-407D99F9F104}.Debug|Any CPU.Build.0 = Debug|Any CPU
		{209DC40F-A359-4C9A-B4DB-407D99F9F104}.Release|Any CPU.ActiveCfg = Release|Any CPU
		{209DC40F-A359-4C9A-B4DB-407D99F9F104}.Release|Any CPU.Build.0 = Release|Any CPU
	EndGlobalSection
	GlobalSection(SolutionProperties) = preSolution
		HideSolutionNode = FALSE
	EndGlobalSection
	GlobalSection(ExtensibilityGlobals) = postSolution
		SolutionGuid = {46F3F3B6-CC10-49A5-932C-E23F33763CEE}
	EndGlobalSection
EndGlobal
